// !$*UTF8*$!
{
	archiveVersion = 1;
	classes = {
	};
	objectVersion = 56;
	objects = {

/* Begin PBXBuildFile section */
		0EFFB9722C38D4D1004472F7 /* NASARoverApp.swift in Sources */ = {isa = PBXBuildFile; fileRef = 0EFFB9712C38D4D1004472F7 /* NASARoverApp.swift */; };
		0EFFB9742C38D4D1004472F7 /* ContentView.swift in Sources */ = {isa = PBXBuildFile; fileRef = 0EFFB9732C38D4D1004472F7 /* ContentView.swift */; };
		0EFFB9762C38D4D2004472F7 /* Assets.xcassets in Resources */ = {isa = PBXBuildFile; fileRef = 0EFFB9752C38D4D2004472F7 /* Assets.xcassets */; };
		0EFFB9792C38D4D2004472F7 /* Preview Assets.xcassets in Resources */ = {isa = PBXBuildFile; fileRef = 0EFFB9782C38D4D2004472F7 /* Preview Assets.xcassets */; };
		0EFFB9832C38D4D2004472F7 /* NASARoverTests.swift in Sources */ = {isa = PBXBuildFile; fileRef = 0EFFB9822C38D4D2004472F7 /* NASARoverTests.swift */; };
		0EFFB98D2C38D4D2004472F7 /* NASARoverUITests.swift in Sources */ = {isa = PBXBuildFile; fileRef = 0EFFB98C2C38D4D2004472F7 /* NASARoverUITests.swift */; };
		0EFFB98F2C38D4D2004472F7 /* NASARoverUITestsLaunchTests.swift in Sources */ = {isa = PBXBuildFile; fileRef = 0EFFB98E2C38D4D2004472F7 /* NASARoverUITestsLaunchTests.swift */; };
/* End PBXBuildFile section */

/* Begin PBXContainerItemProxy section */
		0EFFB97F2C38D4D2004472F7 /* PBXContainerItemProxy */ = {
			isa = PBXContainerItemProxy;
			containerPortal = 0EFFB9662C38D4D1004472F7 /* Project object */;
			proxyType = 1;
			remoteGlobalIDString = 0EFFB96D2C38D4D1004472F7;
			remoteInfo = NASARover;
		};
		0EFFB9892C38D4D2004472F7 /* PBXContainerItemProxy */ = {
			isa = PBXContainerItemProxy;
			containerPortal = 0EFFB9662C38D4D1004472F7 /* Project object */;
			proxyType = 1;
			remoteGlobalIDString = 0EFFB96D2C38D4D1004472F7;
			remoteInfo = NASARover;
		};
/* End PBXContainerItemProxy section */

/* Begin PBXFileReference section */
		0EFFB96E2C38D4D1004472F7 /* NASARover.app */ = {isa = PBXFileReference; explicitFileType = wrapper.application; includeInIndex = 0; path = NASARover.app; sourceTree = BUILT_PRODUCTS_DIR; };
		0EFFB9712C38D4D1004472F7 /* NASARoverApp.swift */ = {isa = PBXFileReference; lastKnownFileType = sourcecode.swift; path = NASARoverApp.swift; sourceTree = "<group>"; };
		0EFFB9732C38D4D1004472F7 /* ContentView.swift */ = {isa = PBXFileReference; lastKnownFileType = sourcecode.swift; path = ContentView.swift; sourceTree = "<group>"; };
		0EFFB9752C38D4D2004472F7 /* Assets.xcassets */ = {isa = PBXFileReference; lastKnownFileType = folder.assetcatalog; path = Assets.xcassets; sourceTree = "<group>"; };
		0EFFB9782C38D4D2004472F7 /* Preview Assets.xcassets */ = {isa = PBXFileReference; lastKnownFileType = folder.assetcatalog; path = "Preview Assets.xcassets"; sourceTree = "<group>"; };
		0EFFB97E2C38D4D2004472F7 /* NASARoverTests.xctest */ = {isa = PBXFileReference; explicitFileType = wrapper.cfbundle; includeInIndex = 0; path = NASARoverTests.xctest; sourceTree = BUILT_PRODUCTS_DIR; };
		0EFFB9822C38D4D2004472F7 /* NASARoverTests.swift */ = {isa = PBXFileReference; lastKnownFileType = sourcecode.swift; path = NASARoverTests.swift; sourceTree = "<group>"; };
		0EFFB9882C38D4D2004472F7 /* NASARoverUITests.xctest */ = {isa = PBXFileReference; explicitFileType = wrapper.cfbundle; includeInIndex = 0; path = NASARoverUITests.xctest; sourceTree = BUILT_PRODUCTS_DIR; };
		0EFFB98C2C38D4D2004472F7 /* NASARoverUITests.swift */ = {isa = PBXFileReference; lastKnownFileType = sourcecode.swift; path = NASARoverUITests.swift; sourceTree = "<group>"; };
		0EFFB98E2C38D4D2004472F7 /* NASARoverUITestsLaunchTests.swift */ = {isa = PBXFileReference; lastKnownFileType = sourcecode.swift; path = NASARoverUITestsLaunchTests.swift; sourceTree = "<group>"; };
/* End PBXFileReference section */

/* Begin PBXFrameworksBuildPhase section */
		0EFFB96B2C38D4D1004472F7 /* Frameworks */ = {
			isa = PBXFrameworksBuildPhase;
			buildActionMask = 2147483647;
			files = (
			);
			runOnlyForDeploymentPostprocessing = 0;
		};
		0EFFB97B2C38D4D2004472F7 /* Frameworks */ = {
			isa = PBXFrameworksBuildPhase;
			buildActionMask = 2147483647;
			files = (
			);
			runOnlyForDeploymentPostprocessing = 0;
		};
		0EFFB9852C38D4D2004472F7 /* Frameworks */ = {
			isa = PBXFrameworksBuildPhase;
			buildActionMask = 2147483647;
			files = (
			);
			runOnlyForDeploymentPostprocessing = 0;
		};
/* End PBXFrameworksBuildPhase section */

/* Begin PBXGroup section */
		0EFFB9652C38D4D1004472F7 = {
			isa = PBXGroup;
			children = (
				0EFFB9702C38D4D1004472F7 /* NASARover */,
				0EFFB9812C38D4D2004472F7 /* NASARoverTests */,
				0EFFB98B2C38D4D2004472F7 /* NASARoverUITests */,
				0EFFB96F2C38D4D1004472F7 /* Products */,
			);
			sourceTree = "<group>";
		};
		0EFFB96F2C38D4D1004472F7 /* Products */ = {
			isa = PBXGroup;
			children = (
				0EFFB96E2C38D4D1004472F7 /* NASARover.app */,
				0EFFB97E2C38D4D2004472F7 /* NASARoverTests.xctest */,
				0EFFB9882C38D4D2004472F7 /* NASARoverUITests.xctest */,
			);
			name = Products;
			sourceTree = "<group>";
		};
		0EFFB9702C38D4D1004472F7 /* NASARover */ = {
			isa = PBXGroup;
			children = (
				0EFFB9712C38D4D1004472F7 /* NASARoverApp.swift */,
				0EFFB9732C38D4D1004472F7 /* ContentView.swift */,
				0EFFB9752C38D4D2004472F7 /* Assets.xcassets */,
				0EFFB9772C38D4D2004472F7 /* Preview Content */,
			);
			path = NASARover;
			sourceTree = "<group>";
		};
		0EFFB9772C38D4D2004472F7 /* Preview Content */ = {
			isa = PBXGroup;
			children = (
				0EFFB9782C38D4D2004472F7 /* Preview Assets.xcassets */,
			);
			path = "Preview Content";
			sourceTree = "<group>";
		};
		0EFFB9812C38D4D2004472F7 /* NASARoverTests */ = {
			isa = PBXGroup;
			children = (
				0EFFB9822C38D4D2004472F7 /* NASARoverTests.swift */,
			);
			path = NASARoverTests;
			sourceTree = "<group>";
		};
		0EFFB98B2C38D4D2004472F7 /* NASARoverUITests */ = {
			isa = PBXGroup;
			children = (
				0EFFB98C2C38D4D2004472F7 /* NASARoverUITests.swift */,
				0EFFB98E2C38D4D2004472F7 /* NASARoverUITestsLaunchTests.swift */,
			);
			path = NASARoverUITests;
			sourceTree = "<group>";
		};
/* End PBXGroup section */

/* Begin PBXNativeTarget section */
		0EFFB96D2C38D4D1004472F7 /* NASARover */ = {
			isa = PBXNativeTarget;
			buildConfigurationList = 0EFFB9922C38D4D2004472F7 /* Build configuration list for PBXNativeTarget "NASARover" */;
			buildPhases = (
				0EFFB96A2C38D4D1004472F7 /* Sources */,
				0EFFB96B2C38D4D1004472F7 /* Frameworks */,
				0EFFB96C2C38D4D1004472F7 /* Resources */,
			);
			buildRules = (
			);
			dependencies = (
			);
			name = NASARover;
			productName = NASARover;
			productReference = 0EFFB96E2C38D4D1004472F7 /* NASARover.app */;
			productType = "com.apple.product-type.application";
		};
		0EFFB97D2C38D4D2004472F7 /* NASARoverTests */ = {
			isa = PBXNativeTarget;
			buildConfigurationList = 0EFFB9952C38D4D2004472F7 /* Build configuration list for PBXNativeTarget "NASARoverTests" */;
			buildPhases = (
				0EFFB97A2C38D4D2004472F7 /* Sources */,
				0EFFB97B2C38D4D2004472F7 /* Frameworks */,
				0EFFB97C2C38D4D2004472F7 /* Resources */,
			);
			buildRules = (
			);
			dependencies = (
				0EFFB9802C38D4D2004472F7 /* PBXTargetDependency */,
			);
			name = NASARoverTests;
			productName = NASARoverTests;
			productReference = 0EFFB97E2C38D4D2004472F7 /* NASARoverTests.xctest */;
			productType = "com.apple.product-type.bundle.unit-test";
		};
		0EFFB9872C38D4D2004472F7 /* NASARoverUITests */ = {
			isa = PBXNativeTarget;
			buildConfigurationList = 0EFFB9982C38D4D2004472F7 /* Build configuration list for PBXNativeTarget "NASARoverUITests" */;
			buildPhases = (
				0EFFB9842C38D4D2004472F7 /* Sources */,
				0EFFB9852C38D4D2004472F7 /* Frameworks */,
				0EFFB9862C38D4D2004472F7 /* Resources */,
			);
			buildRules = (
			);
			dependencies = (
				0EFFB98A2C38D4D2004472F7 /* PBXTargetDependency */,
			);
			name = NASARoverUITests;
			productName = NASARoverUITests;
			productReference = 0EFFB9882C38D4D2004472F7 /* NASARoverUITests.xctest */;
			productType = "com.apple.product-type.bundle.ui-testing";
		};
/* End PBXNativeTarget section */

/* Begin PBXProject section */
		0EFFB9662C38D4D1004472F7 /* Project object */ = {
			isa = PBXProject;
			attributes = {
				BuildIndependentTargetsInParallel = 1;
				LastSwiftUpdateCheck = 1540;
				LastUpgradeCheck = 1540;
				TargetAttributes = {
					0EFFB96D2C38D4D1004472F7 = {
						CreatedOnToolsVersion = 15.4;
					};
					0EFFB97D2C38D4D2004472F7 = {
						CreatedOnToolsVersion = 15.4;
						TestTargetID = 0EFFB96D2C38D4D1004472F7;
					};
					0EFFB9872C38D4D2004472F7 = {
						CreatedOnToolsVersion = 15.4;
						TestTargetID = 0EFFB96D2C38D4D1004472F7;
					};
				};
			};
			buildConfigurationList = 0EFFB9692C38D4D1004472F7 /* Build configuration list for PBXProject "NASARover" */;
			compatibilityVersion = "Xcode 14.0";
			developmentRegion = en;
			hasScannedForEncodings = 0;
			knownRegions = (
				en,
				Base,
			);
			mainGroup = 0EFFB9652C38D4D1004472F7;
			productRefGroup = 0EFFB96F2C38D4D1004472F7 /* Products */;
			projectDirPath = "";
			projectRoot = "";
			targets = (
				0EFFB96D2C38D4D1004472F7 /* NASARover */,
				0EFFB97D2C38D4D2004472F7 /* NASARoverTests */,
				0EFFB9872C38D4D2004472F7 /* NASARoverUITests */,
			);
		};
/* End PBXProject section */

/* Begin PBXResourcesBuildPhase section */
		0EFFB96C2C38D4D1004472F7 /* Resources */ = {
			isa = PBXResourcesBuildPhase;
			buildActionMask = 2147483647;
			files = (
				0EFFB9792C38D4D2004472F7 /* Preview Assets.xcassets in Resources */,
				0EFFB9762C38D4D2004472F7 /* Assets.xcassets in Resources */,
			);
			runOnlyForDeploymentPostprocessing = 0;
		};
		0EFFB97C2C38D4D2004472F7 /* Resources */ = {
			isa = PBXResourcesBuildPhase;
			buildActionMask = 2147483647;
			files = (
			);
			runOnlyForDeploymentPostprocessing = 0;
		};
		0EFFB9862C38D4D2004472F7 /* Resources */ = {
			isa = PBXResourcesBuildPhase;
			buildActionMask = 2147483647;
			files = (
			);
			runOnlyForDeploymentPostprocessing = 0;
		};
/* End PBXResourcesBuildPhase section */

/* Begin PBXSourcesBuildPhase section */
		0EFFB96A2C38D4D1004472F7 /* Sources */ = {
			isa = PBXSourcesBuildPhase;
			buildActionMask = 2147483647;
			files = (
				0EFFB9742C38D4D1004472F7 /* ContentView.swift in Sources */,
				0EFFB9722C38D4D1004472F7 /* NASARoverApp.swift in Sources */,
			);
			runOnlyForDeploymentPostprocessing = 0;
		};
		0EFFB97A2C38D4D2004472F7 /* Sources */ = {
			isa = PBXSourcesBuildPhase;
			buildActionMask = 2147483647;
			files = (
				0EFFB9832C38D4D2004472F7 /* NASARoverTests.swift in Sources */,
			);
			runOnlyForDeploymentPostprocessing = 0;
		};
		0EFFB9842C38D4D2004472F7 /* Sources */ = {
			isa = PBXSourcesBuildPhase;
			buildActionMask = 2147483647;
			files = (
				0EFFB98F2C38D4D2004472F7 /* NASARoverUITestsLaunchTests.swift in Sources */,
				0EFFB98D2C38D4D2004472F7 /* NASARoverUITests.swift in Sources */,
			);
			runOnlyForDeploymentPostprocessing = 0;
		};
/* End PBXSourcesBuildPhase section */

/* Begin PBXTargetDependency section */
		0EFFB9802C38D4D2004472F7 /* PBXTargetDependency */ = {
			isa = PBXTargetDependency;
			target = 0EFFB96D2C38D4D1004472F7 /* NASARover */;
			targetProxy = 0EFFB97F2C38D4D2004472F7 /* PBXContainerItemProxy */;
		};
		0EFFB98A2C38D4D2004472F7 /* PBXTargetDependency */ = {
			isa = PBXTargetDependency;
			target = 0EFFB96D2C38D4D1004472F7 /* NASARover */;
			targetProxy = 0EFFB9892C38D4D2004472F7 /* PBXContainerItemProxy */;
		};
/* End PBXTargetDependency section */

/* Begin XCBuildConfiguration section */
		0EFFB9902C38D4D2004472F7 /* Debug */ = {
			isa = XCBuildConfiguration;
			buildSettings = {
				ALWAYS_SEARCH_USER_PATHS = NO;
				ASSETCATALOG_COMPILER_GENERATE_SWIFT_ASSET_SYMBOL_EXTENSIONS = YES;
				CLANG_ANALYZER_NONNULL = YES;
				CLANG_ANALYZER_NUMBER_OBJECT_CONVERSION = YES_AGGRESSIVE;
				CLANG_CXX_LANGUAGE_STANDARD = "gnu++20";
				CLANG_ENABLE_MODULES = YES;
				CLANG_ENABLE_OBJC_ARC = YES;
				CLANG_ENABLE_OBJC_WEAK = YES;
				CLANG_WARN_BLOCK_CAPTURE_AUTORELEASING = YES;
				CLANG_WARN_BOOL_CONVERSION = YES;
				CLANG_WARN_COMMA = YES;
				CLANG_WARN_CONSTANT_CONVERSION = YES;
				CLANG_WARN_DEPRECATED_OBJC_IMPLEMENTATIONS = YES;
				CLANG_WARN_DIRECT_OBJC_ISA_USAGE = YES_ERROR;
				CLANG_WARN_DOCUMENTATION_COMMENTS = YES;
				CLANG_WARN_EMPTY_BODY = YES;
				CLANG_WARN_ENUM_CONVERSION = YES;
				CLANG_WARN_INFINITE_RECURSION = YES;
				CLANG_WARN_INT_CONVERSION = YES;
				CLANG_WARN_NON_LITERAL_NULL_CONVERSION = YES;
				CLANG_WARN_OBJC_IMPLICIT_RETAIN_SELF = YES;
				CLANG_WARN_OBJC_LITERAL_CONVERSION = YES;
				CLANG_WARN_OBJC_ROOT_CLASS = YES_ERROR;
				CLANG_WARN_QUOTED_INCLUDE_IN_FRAMEWORK_HEADER = YES;
				CLANG_WARN_RANGE_LOOP_ANALYSIS = YES;
				CLANG_WARN_STRICT_PROTOTYPES = YES;
				CLANG_WARN_SUSPICIOUS_MOVE = YES;
				CLANG_WARN_UNGUARDED_AVAILABILITY = YES_AGGRESSIVE;
				CLANG_WARN_UNREACHABLE_CODE = YES;
				CLANG_WARN__DUPLICATE_METHOD_MATCH = YES;
				COPY_PHASE_STRIP = NO;
				DEBUG_INFORMATION_FORMAT = dwarf;
				ENABLE_STRICT_OBJC_MSGSEND = YES;
				ENABLE_TESTABILITY = YES;
				ENABLE_USER_SCRIPT_SANDBOXING = YES;
				GCC_C_LANGUAGE_STANDARD = gnu17;
				GCC_DYNAMIC_NO_PIC = NO;
				GCC_NO_COMMON_BLOCKS = YES;
				GCC_OPTIMIZATION_LEVEL = 0;
				GCC_PREPROCESSOR_DEFINITIONS = (
					"DEBUG=1",
					"$(inherited)",
				);
				GCC_WARN_64_TO_32_BIT_CONVERSION = YES;
				GCC_WARN_ABOUT_RETURN_TYPE = YES_ERROR;
				GCC_WARN_UNDECLARED_SELECTOR = YES;
				GCC_WARN_UNINITIALIZED_AUTOS = YES_AGGRESSIVE;
				GCC_WARN_UNUSED_FUNCTION = YES;
				GCC_WARN_UNUSED_VARIABLE = YES;
				IPHONEOS_DEPLOYMENT_TARGET = 17.5;
				LOCALIZATION_PREFERS_STRING_CATALOGS = YES;
				MTL_ENABLE_DEBUG_INFO = INCLUDE_SOURCE;
				MTL_FAST_MATH = YES;
				ONLY_ACTIVE_ARCH = YES;
				SDKROOT = iphoneos;
				SWIFT_ACTIVE_COMPILATION_CONDITIONS = "DEBUG $(inherited)";
				SWIFT_OPTIMIZATION_LEVEL = "-Onone";
			};
			name = Debug;
		};
		0EFFB9912C38D4D2004472F7 /* Release */ = {
			isa = XCBuildConfiguration;
			buildSettings = {
				ALWAYS_SEARCH_USER_PATHS = NO;
				ASSETCATALOG_COMPILER_GENERATE_SWIFT_ASSET_SYMBOL_EXTENSIONS = YES;
				CLANG_ANALYZER_NONNULL = YES;
				CLANG_ANALYZER_NUMBER_OBJECT_CONVERSION = YES_AGGRESSIVE;
				CLANG_CXX_LANGUAGE_STANDARD = "gnu++20";
				CLANG_ENABLE_MODULES = YES;
				CLANG_ENABLE_OBJC_ARC = YES;
				CLANG_ENABLE_OBJC_WEAK = YES;
				CLANG_WARN_BLOCK_CAPTURE_AUTORELEASING = YES;
				CLANG_WARN_BOOL_CONVERSION = YES;
				CLANG_WARN_COMMA = YES;
				CLANG_WARN_CONSTANT_CONVERSION = YES;
				CLANG_WARN_DEPRECATED_OBJC_IMPLEMENTATIONS = YES;
				CLANG_WARN_DIRECT_OBJC_ISA_USAGE = YES_ERROR;
				CLANG_WARN_DOCUMENTATION_COMMENTS = YES;
				CLANG_WARN_EMPTY_BODY = YES;
				CLANG_WARN_ENUM_CONVERSION = YES;
				CLANG_WARN_INFINITE_RECURSION = YES;
				CLANG_WARN_INT_CONVERSION = YES;
				CLANG_WARN_NON_LITERAL_NULL_CONVERSION = YES;
				CLANG_WARN_OBJC_IMPLICIT_RETAIN_SELF = YES;
				CLANG_WARN_OBJC_LITERAL_CONVERSION = YES;
				CLANG_WARN_OBJC_ROOT_CLASS = YES_ERROR;
				CLANG_WARN_QUOTED_INCLUDE_IN_FRAMEWORK_HEADER = YES;
				CLANG_WARN_RANGE_LOOP_ANALYSIS = YES;
				CLANG_WARN_STRICT_PROTOTYPES = YES;
				CLANG_WARN_SUSPICIOUS_MOVE = YES;
				CLANG_WARN_UNGUARDED_AVAILABILITY = YES_AGGRESSIVE;
				CLANG_WARN_UNREACHABLE_CODE = YES;
				CLANG_WARN__DUPLICATE_METHOD_MATCH = YES;
				COPY_PHASE_STRIP = NO;
				DEBUG_INFORMATION_FORMAT = "dwarf-with-dsym";
				ENABLE_NS_ASSERTIONS = NO;
				ENABLE_STRICT_OBJC_MSGSEND = YES;
				ENABLE_USER_SCRIPT_SANDBOXING = YES;
				GCC_C_LANGUAGE_STANDARD = gnu17;
				GCC_NO_COMMON_BLOCKS = YES;
				GCC_WARN_64_TO_32_BIT_CONVERSION = YES;
				GCC_WARN_ABOUT_RETURN_TYPE = YES_ERROR;
				GCC_WARN_UNDECLARED_SELECTOR = YES;
				GCC_WARN_UNINITIALIZED_AUTOS = YES_AGGRESSIVE;
				GCC_WARN_UNUSED_FUNCTION = YES;
				GCC_WARN_UNUSED_VARIABLE = YES;
				IPHONEOS_DEPLOYMENT_TARGET = 17.5;
				LOCALIZATION_PREFERS_STRING_CATALOGS = YES;
				MTL_ENABLE_DEBUG_INFO = NO;
				MTL_FAST_MATH = YES;
				SDKROOT = iphoneos;
				SWIFT_COMPILATION_MODE = wholemodule;
				VALIDATE_PRODUCT = YES;
			};
			name = Release;
		};
		0EFFB9932C38D4D2004472F7 /* Debug */ = {
			isa = XCBuildConfiguration;
			buildSettings = {
				ASSETCATALOG_COMPILER_APPICON_NAME = AppIcon;
				ASSETCATALOG_COMPILER_GLOBAL_ACCENT_COLOR_NAME = AccentColor;
				CODE_SIGN_STYLE = Automatic;
				CURRENT_PROJECT_VERSION = 1;
				DEVELOPMENT_ASSET_PATHS = "\"NASARover/Preview Content\"";
				ENABLE_PREVIEWS = YES;
				GENERATE_INFOPLIST_FILE = YES;
				INFOPLIST_KEY_UIApplicationSceneManifest_Generation = YES;
				INFOPLIST_KEY_UIApplicationSupportsIndirectInputEvents = YES;
				INFOPLIST_KEY_UILaunchScreen_Generation = YES;
				INFOPLIST_KEY_UISupportedInterfaceOrientations_iPad = "UIInterfaceOrientationPortrait UIInterfaceOrientationPortraitUpsideDown UIInterfaceOrientationLandscapeLeft UIInterfaceOrientationLandscapeRight";
				INFOPLIST_KEY_UISupportedInterfaceOrientations_iPhone = "UIInterfaceOrientationPortrait UIInterfaceOrientationLandscapeLeft UIInterfaceOrientationLandscapeRight";
				LD_RUNPATH_SEARCH_PATHS = (
					"$(inherited)",
					"@executable_path/Frameworks",
				);
				MARKETING_VERSION = 1.0;
				PRODUCT_BUNDLE_IDENTIFIER = ArseniiKornienko.NASARover;
				PRODUCT_NAME = "$(TARGET_NAME)";
				SWIFT_EMIT_LOC_STRINGS = YES;
				SWIFT_VERSION = 5.0;
				TARGETED_DEVICE_FAMILY = "1,2";
			};
			name = Debug;
		};
		0EFFB9942C38D4D2004472F7 /* Release */ = {
			isa = XCBuildConfiguration;
			buildSettings = {
				ASSETCATALOG_COMPILER_APPICON_NAME = AppIcon;
				ASSETCATALOG_COMPILER_GLOBAL_ACCENT_COLOR_NAME = AccentColor;
				CODE_SIGN_STYLE = Automatic;
				CURRENT_PROJECT_VERSION = 1;
				DEVELOPMENT_ASSET_PATHS = "\"NASARover/Preview Content\"";
				ENABLE_PREVIEWS = YES;
				GENERATE_INFOPLIST_FILE = YES;
				INFOPLIST_KEY_UIApplicationSceneManifest_Generation = YES;
				INFOPLIST_KEY_UIApplicationSupportsIndirectInputEvents = YES;
				INFOPLIST_KEY_UILaunchScreen_Generation = YES;
				INFOPLIST_KEY_UISupportedInterfaceOrientations_iPad = "UIInterfaceOrientationPortrait UIInterfaceOrientationPortraitUpsideDown UIInterfaceOrientationLandscapeLeft UIInterfaceOrientationLandscapeRight";
				INFOPLIST_KEY_UISupportedInterfaceOrientations_iPhone = "UIInterfaceOrientationPortrait UIInterfaceOrientationLandscapeLeft UIInterfaceOrientationLandscapeRight";
				LD_RUNPATH_SEARCH_PATHS = (
					"$(inherited)",
					"@executable_path/Frameworks",
				);
				MARKETING_VERSION = 1.0;
				PRODUCT_BUNDLE_IDENTIFIER = ArseniiKornienko.NASARover;
				PRODUCT_NAME = "$(TARGET_NAME)";
				SWIFT_EMIT_LOC_STRINGS = YES;
				SWIFT_VERSION = 5.0;
				TARGETED_DEVICE_FAMILY = "1,2";
			};
			name = Release;
		};
		0EFFB9962C38D4D2004472F7 /* Debug */ = {
			isa = XCBuildConfiguration;
			buildSettings = {
				ALWAYS_EMBED_SWIFT_STANDARD_LIBRARIES = YES;
				BUNDLE_LOADER = "$(TEST_HOST)";
				CODE_SIGN_STYLE = Automatic;
				CURRENT_PROJECT_VERSION = 1;
				GENERATE_INFOPLIST_FILE = YES;
				IPHONEOS_DEPLOYMENT_TARGET = 17.5;
				MARKETING_VERSION = 1.0;
				PRODUCT_BUNDLE_IDENTIFIER = ArseniiKornienko.NASARoverTests;
				PRODUCT_NAME = "$(TARGET_NAME)";
				SWIFT_EMIT_LOC_STRINGS = NO;
				SWIFT_VERSION = 5.0;
				TARGETED_DEVICE_FAMILY = "1,2";
				TEST_HOST = "$(BUILT_PRODUCTS_DIR)/NASARover.app/$(BUNDLE_EXECUTABLE_FOLDER_PATH)/NASARover";
			};
			name = Debug;
		};
		0EFFB9972C38D4D2004472F7 /* Release */ = {
			isa = XCBuildConfiguration;
			buildSettings = {
				ALWAYS_EMBED_SWIFT_STANDARD_LIBRARIES = YES;
				BUNDLE_LOADER = "$(TEST_HOST)";
				CODE_SIGN_STYLE = Automatic;
				CURRENT_PROJECT_VERSION = 1;
				GENERATE_INFOPLIST_FILE = YES;
				IPHONEOS_DEPLOYMENT_TARGET = 17.5;
				MARKETING_VERSION = 1.0;
				PRODUCT_BUNDLE_IDENTIFIER = ArseniiKornienko.NASARoverTests;
				PRODUCT_NAME = "$(TARGET_NAME)";
				SWIFT_EMIT_LOC_STRINGS = NO;
				SWIFT_VERSION = 5.0;
				TARGETED_DEVICE_FAMILY = "1,2";
				TEST_HOST = "$(BUILT_PRODUCTS_DIR)/NASARover.app/$(BUNDLE_EXECUTABLE_FOLDER_PATH)/NASARover";
			};
			name = Release;
		};
		0EFFB9992C38D4D2004472F7 /* Debug */ = {
			isa = XCBuildConfiguration;
			buildSettings = {
				ALWAYS_EMBED_SWIFT_STANDARD_LIBRARIES = YES;
				CODE_SIGN_STYLE = Automatic;
				CURRENT_PROJECT_VERSION = 1;
				GENERATE_INFOPLIST_FILE = YES;
				MARKETING_VERSION = 1.0;
				PRODUCT_BUNDLE_IDENTIFIER = ArseniiKornienko.NASARoverUITests;
				PRODUCT_NAME = "$(TARGET_NAME)";
				SWIFT_EMIT_LOC_STRINGS = NO;
				SWIFT_VERSION = 5.0;
				TARGETED_DEVICE_FAMILY = "1,2";
				TEST_TARGET_NAME = NASARover;
			};
			name = Debug;
		};
		0EFFB99A2C38D4D2004472F7 /* Release */ = {
			isa = XCBuildConfiguration;
			buildSettings = {
				ALWAYS_EMBED_SWIFT_STANDARD_LIBRARIES = YES;
				CODE_SIGN_STYLE = Automatic;
				CURRENT_PROJECT_VERSION = 1;
				GENERATE_INFOPLIST_FILE = YES;
				MARKETING_VERSION = 1.0;
				PRODUCT_BUNDLE_IDENTIFIER = ArseniiKornienko.NASARoverUITests;
				PRODUCT_NAME = "$(TARGET_NAME)";
				SWIFT_EMIT_LOC_STRINGS = NO;
				SWIFT_VERSION = 5.0;
				TARGETED_DEVICE_FAMILY = "1,2";
				TEST_TARGET_NAME = NASARover;
			};
			name = Release;
		};
/* End XCBuildConfiguration section */

/* Begin XCConfigurationList section */
		0EFFB9692C38D4D1004472F7 /* Build configuration list for PBXProject "NASARover" */ = {
			isa = XCConfigurationList;
			buildConfigurations = (
				0EFFB9902C38D4D2004472F7 /* Debug */,
				0EFFB9912C38D4D2004472F7 /* Release */,
			);
			defaultConfigurationIsVisible = 0;
			defaultConfigurationName = Release;
		};
		0EFFB9922C38D4D2004472F7 /* Build configuration list for PBXNativeTarget "NASARover" */ = {
			isa = XCConfigurationList;
			buildConfigurations = (
				0EFFB9932C38D4D2004472F7 /* Debug */,
				0EFFB9942C38D4D2004472F7 /* Release */,
			);
			defaultConfigurationIsVisible = 0;
			defaultConfigurationName = Release;
		};
		0EFFB9952C38D4D2004472F7 /* Build configuration list for PBXNativeTarget "NASARoverTests" */ = {
			isa = XCConfigurationList;
			buildConfigurations = (
				0EFFB9962C38D4D2004472F7 /* Debug */,
				0EFFB9972C38D4D2004472F7 /* Release */,
			);
			defaultConfigurationIsVisible = 0;
			defaultConfigurationName = Release;
		};
		0EFFB9982C38D4D2004472F7 /* Build configuration list for PBXNativeTarget "NASARoverUITests" */ = {
			isa = XCConfigurationList;
			buildConfigurations = (
				0EFFB9992C38D4D2004472F7 /* Debug */,
				0EFFB99A2C38D4D2004472F7 /* Release */,
			);
			defaultConfigurationIsVisible = 0;
			defaultConfigurationName = Release;
		};
/* End XCConfigurationList section */
	};
	rootObject = 0EFFB9662C38D4D1004472F7 /* Project object */;
}
