// !$*UTF8*$!
{
	archiveVersion = 1;
	classes = {
	};
	objectVersion = 56;
	objects = {

/* Begin PBXBuildFile section */
		0E0E09842D5DA7F300CB56B8 /* FavoritePhotosView.swift in Sources */ = {isa = PBXBuildFile; fileRef = 0E0E09832D5DA7F300CB56B8 /* FavoritePhotosView.swift */; };
		0E0E09862D5DA80800CB56B8 /* FavoritePhotosViewModel.swift in Sources */ = {isa = PBXBuildFile; fileRef = 0E0E09852D5DA80800CB56B8 /* FavoritePhotosViewModel.swift */; };
		0E0E09892D5EFAA400CB56B8 /* DetailedView.swift in Sources */ = {isa = PBXBuildFile; fileRef = 0E0E09882D5EFAA400CB56B8 /* DetailedView.swift */; };
		0E171E122C853DB800CFE370 /* CalendarView.swift in Sources */ = {isa = PBXBuildFile; fileRef = 0E171E112C853DB800CFE370 /* CalendarView.swift */; };
		0E171E152C8540F800CFE370 /* CalendarViewModel.swift in Sources */ = {isa = PBXBuildFile; fileRef = 0E171E142C8540F700CFE370 /* CalendarViewModel.swift */; };
		0E51434B2C3B85ED00C48DFD /* ManifestResponse.swift in Sources */ = {isa = PBXBuildFile; fileRef = 0E51434A2C3B85ED00C48DFD /* ManifestResponse.swift */; };
		0E51434D2C3B85FD00C48DFD /* PhotoResponse.swift in Sources */ = {isa = PBXBuildFile; fileRef = 0E51434C2C3B85FD00C48DFD /* PhotoResponse.swift */; };
		0E51434F2C3B893700C48DFD /* PhotosProvider.swift in Sources */ = {isa = PBXBuildFile; fileRef = 0E51434E2C3B893700C48DFD /* PhotosProvider.swift */; };
		0E5143542C3E6FBF00C48DFD /* UDStorageManager.swift in Sources */ = {isa = PBXBuildFile; fileRef = 0E5143532C3E6FBF00C48DFD /* UDStorageManager.swift */; };
		0E5143562C4242EE00C48DFD /* RoverSelectionViewModel.swift in Sources */ = {isa = PBXBuildFile; fileRef = 0E5143552C4242EE00C48DFD /* RoverSelectionViewModel.swift */; };
		0E51435A2C44DA4B00C48DFD /* Titles.swift in Sources */ = {isa = PBXBuildFile; fileRef = 0E5143592C44DA4B00C48DFD /* Titles.swift */; };
		0E5143602C46286600C48DFD /* Segments.swift in Sources */ = {isa = PBXBuildFile; fileRef = 0E51435F2C46286500C48DFD /* Segments.swift */; };
		0E5143622C4788D600C48DFD /* Image.swift in Sources */ = {isa = PBXBuildFile; fileRef = 0E5143612C4788D600C48DFD /* Image.swift */; };
		0E5143642C48B13000C48DFD /* Localizable.xcstrings in Resources */ = {isa = PBXBuildFile; fileRef = 0E5143632C48B13000C48DFD /* Localizable.xcstrings */; };
		0E5143662C48B54400C48DFD /* UIScreen.swift in Sources */ = {isa = PBXBuildFile; fileRef = 0E5143652C48B54400C48DFD /* UIScreen.swift */; };
		0E51436A2C48BE2600C48DFD /* RoverView.swift in Sources */ = {isa = PBXBuildFile; fileRef = 0E5143692C48BE2600C48DFD /* RoverView.swift */; };
		0E51436C2C48D75000C48DFD /* RoverViewModel.swift in Sources */ = {isa = PBXBuildFile; fileRef = 0E51436B2C48D75000C48DFD /* RoverViewModel.swift */; };
		0E5143752C5307EF00C48DFD /* PhotoGalleryView.swift in Sources */ = {isa = PBXBuildFile; fileRef = 0E5143742C5307EF00C48DFD /* PhotoGalleryView.swift */; };
		0E5143772C53082F00C48DFD /* PhotoGalleryViewModel.swift in Sources */ = {isa = PBXBuildFile; fileRef = 0E5143762C53082F00C48DFD /* PhotoGalleryViewModel.swift */; };
		0E6C81FC2C38E02800A758ED /* APIDataProvider.swift in Sources */ = {isa = PBXBuildFile; fileRef = 0E6C81FB2C38E02800A758ED /* APIDataProvider.swift */; };
		0E6C81FE2C38E03A00A758ED /* APIEndpointProvider.swift in Sources */ = {isa = PBXBuildFile; fileRef = 0E6C81FD2C38E03A00A758ED /* APIEndpointProvider.swift */; };
		0E6C82002C38E04800A758ED /* APIError.swift in Sources */ = {isa = PBXBuildFile; fileRef = 0E6C81FF2C38E04800A758ED /* APIError.swift */; };
		0E6C82022C38E06800A758ED /* Rovers.swift in Sources */ = {isa = PBXBuildFile; fileRef = 0E6C82012C38E06800A758ED /* Rovers.swift */; };
		0E6C82042C38E13800A758ED /* Config.plist in Resources */ = {isa = PBXBuildFile; fileRef = 0E6C82032C38E13800A758ED /* Config.plist */; };
		0E77A9102D4883EE00C5E189 /* DataCacheManager.swift in Sources */ = {isa = PBXBuildFile; fileRef = 0E77A90F2D4883EE00C5E189 /* DataCacheManager.swift */; };
		0EFCD31A2C6182EF00116FA7 /* PureSwiftUI in Frameworks */ = {isa = PBXBuildFile; productRef = 0EFCD3192C6182EF00116FA7 /* PureSwiftUI */; };
		0EFCD31C2C631F3100116FA7 /* Photo.swift in Sources */ = {isa = PBXBuildFile; fileRef = 0EFCD31B2C631F3100116FA7 /* Photo.swift */; };
		0EFFB9722C38D4D1004472F7 /* NASARoverApp.swift in Sources */ = {isa = PBXBuildFile; fileRef = 0EFFB9712C38D4D1004472F7 /* NASARoverApp.swift */; };
		0EFFB9742C38D4D1004472F7 /* RoverSelectionView.swift in Sources */ = {isa = PBXBuildFile; fileRef = 0EFFB9732C38D4D1004472F7 /* RoverSelectionView.swift */; };
		0EFFB9762C38D4D2004472F7 /* Assets.xcassets in Resources */ = {isa = PBXBuildFile; fileRef = 0EFFB9752C38D4D2004472F7 /* Assets.xcassets */; };
		0EFFB9792C38D4D2004472F7 /* Preview Assets.xcassets in Resources */ = {isa = PBXBuildFile; fileRef = 0EFFB9782C38D4D2004472F7 /* Preview Assets.xcassets */; };
		0EFFB9832C38D4D2004472F7 /* NASARoverTests.swift in Sources */ = {isa = PBXBuildFile; fileRef = 0EFFB9822C38D4D2004472F7 /* NASARoverTests.swift */; };
		0EFFB98D2C38D4D2004472F7 /* NASARoverUITests.swift in Sources */ = {isa = PBXBuildFile; fileRef = 0EFFB98C2C38D4D2004472F7 /* NASARoverUITests.swift */; };
		0EFFB98F2C38D4D2004472F7 /* NASARoverUITestsLaunchTests.swift in Sources */ = {isa = PBXBuildFile; fileRef = 0EFFB98E2C38D4D2004472F7 /* NASARoverUITestsLaunchTests.swift */; };
		61B02CE673393BBE28A19181 /* Pods_NASARoverTests.framework in Frameworks */ = {isa = PBXBuildFile; fileRef = 6B2339837E4F63F6F54111BB /* Pods_NASARoverTests.framework */; };
		7301A9E2868EB389C194C6B5 /* Pods_NASARover_NASARoverUITests.framework in Frameworks */ = {isa = PBXBuildFile; fileRef = 480A82F56C2641AD4CEE0A90 /* Pods_NASARover_NASARoverUITests.framework */; };
		F496B35A3F467C047A3233F2 /* Pods_NASARover.framework in Frameworks */ = {isa = PBXBuildFile; fileRef = 766427ED6A2C0A90BB0A9BCF /* Pods_NASARover.framework */; };
/* End PBXBuildFile section */

/* Begin PBXContainerItemProxy section */
		0EFFB97F2C38D4D2004472F7 /* PBXContainerItemProxy */ = {
			isa = PBXContainerItemProxy;
			containerPortal = 0EFFB9662C38D4D1004472F7 /* Project object */;
			proxyType = 1;
			remoteGlobalIDString = 0EFFB96D2C38D4D1004472F7;
			remoteInfo = NASARover;
		};
		0EFFB9892C38D4D2004472F7 /* PBXContainerItemProxy */ = {
			isa = PBXContainerItemProxy;
			containerPortal = 0EFFB9662C38D4D1004472F7 /* Project object */;
			proxyType = 1;
			remoteGlobalIDString = 0EFFB96D2C38D4D1004472F7;
			remoteInfo = NASARover;
		};
/* End PBXContainerItemProxy section */

/* Begin PBXFileReference section */
		0E0E09832D5DA7F300CB56B8 /* FavoritePhotosView.swift */ = {isa = PBXFileReference; lastKnownFileType = sourcecode.swift; path = FavoritePhotosView.swift; sourceTree = "<group>"; };
		0E0E09852D5DA80800CB56B8 /* FavoritePhotosViewModel.swift */ = {isa = PBXFileReference; lastKnownFileType = sourcecode.swift; path = FavoritePhotosViewModel.swift; sourceTree = "<group>"; };
		0E0E09882D5EFAA400CB56B8 /* DetailedView.swift */ = {isa = PBXFileReference; lastKnownFileType = sourcecode.swift; path = DetailedView.swift; sourceTree = "<group>"; };
		0E171E112C853DB800CFE370 /* CalendarView.swift */ = {isa = PBXFileReference; lastKnownFileType = sourcecode.swift; path = CalendarView.swift; sourceTree = "<group>"; };
		0E171E142C8540F700CFE370 /* CalendarViewModel.swift */ = {isa = PBXFileReference; lastKnownFileType = sourcecode.swift; path = CalendarViewModel.swift; sourceTree = "<group>"; };
		0E51434A2C3B85ED00C48DFD /* ManifestResponse.swift */ = {isa = PBXFileReference; lastKnownFileType = sourcecode.swift; path = ManifestResponse.swift; sourceTree = "<group>"; };
		0E51434C2C3B85FD00C48DFD /* PhotoResponse.swift */ = {isa = PBXFileReference; lastKnownFileType = sourcecode.swift; path = PhotoResponse.swift; sourceTree = "<group>"; };
		0E51434E2C3B893700C48DFD /* PhotosProvider.swift */ = {isa = PBXFileReference; lastKnownFileType = sourcecode.swift; path = PhotosProvider.swift; sourceTree = "<group>"; };
		0E5143532C3E6FBF00C48DFD /* UDStorageManager.swift */ = {isa = PBXFileReference; lastKnownFileType = sourcecode.swift; path = UDStorageManager.swift; sourceTree = "<group>"; };
		0E5143552C4242EE00C48DFD /* RoverSelectionViewModel.swift */ = {isa = PBXFileReference; lastKnownFileType = sourcecode.swift; path = RoverSelectionViewModel.swift; sourceTree = "<group>"; };
		0E5143592C44DA4B00C48DFD /* Titles.swift */ = {isa = PBXFileReference; lastKnownFileType = sourcecode.swift; path = Titles.swift; sourceTree = "<group>"; };
		0E51435F2C46286500C48DFD /* Segments.swift */ = {isa = PBXFileReference; lastKnownFileType = sourcecode.swift; path = Segments.swift; sourceTree = "<group>"; };
		0E5143612C4788D600C48DFD /* Image.swift */ = {isa = PBXFileReference; lastKnownFileType = sourcecode.swift; path = Image.swift; sourceTree = "<group>"; };
		0E5143632C48B13000C48DFD /* Localizable.xcstrings */ = {isa = PBXFileReference; lastKnownFileType = text.json.xcstrings; path = Localizable.xcstrings; sourceTree = "<group>"; };
		0E5143652C48B54400C48DFD /* UIScreen.swift */ = {isa = PBXFileReference; lastKnownFileType = sourcecode.swift; path = UIScreen.swift; sourceTree = "<group>"; };
		0E5143692C48BE2600C48DFD /* RoverView.swift */ = {isa = PBXFileReference; lastKnownFileType = sourcecode.swift; path = RoverView.swift; sourceTree = "<group>"; };
		0E51436B2C48D75000C48DFD /* RoverViewModel.swift */ = {isa = PBXFileReference; lastKnownFileType = sourcecode.swift; path = RoverViewModel.swift; sourceTree = "<group>"; };
		0E5143742C5307EF00C48DFD /* PhotoGalleryView.swift */ = {isa = PBXFileReference; lastKnownFileType = sourcecode.swift; path = PhotoGalleryView.swift; sourceTree = "<group>"; };
		0E5143762C53082F00C48DFD /* PhotoGalleryViewModel.swift */ = {isa = PBXFileReference; lastKnownFileType = sourcecode.swift; path = PhotoGalleryViewModel.swift; sourceTree = "<group>"; };
		0E6C81FB2C38E02800A758ED /* APIDataProvider.swift */ = {isa = PBXFileReference; lastKnownFileType = sourcecode.swift; path = APIDataProvider.swift; sourceTree = "<group>"; };
		0E6C81FD2C38E03A00A758ED /* APIEndpointProvider.swift */ = {isa = PBXFileReference; lastKnownFileType = sourcecode.swift; path = APIEndpointProvider.swift; sourceTree = "<group>"; };
		0E6C81FF2C38E04800A758ED /* APIError.swift */ = {isa = PBXFileReference; lastKnownFileType = sourcecode.swift; path = APIError.swift; sourceTree = "<group>"; };
		0E6C82012C38E06800A758ED /* Rovers.swift */ = {isa = PBXFileReference; lastKnownFileType = sourcecode.swift; path = Rovers.swift; sourceTree = "<group>"; };
		0E6C82032C38E13800A758ED /* Config.plist */ = {isa = PBXFileReference; lastKnownFileType = text.plist.xml; path = Config.plist; sourceTree = "<group>"; };
		0E77A90F2D4883EE00C5E189 /* DataCacheManager.swift */ = {isa = PBXFileReference; lastKnownFileType = sourcecode.swift; path = DataCacheManager.swift; sourceTree = "<group>"; };
		0EFCD3172C535AB400116FA7 /* Info.plist */ = {isa = PBXFileReference; lastKnownFileType = text.plist; path = Info.plist; sourceTree = "<group>"; };
		0EFCD31B2C631F3100116FA7 /* Photo.swift */ = {isa = PBXFileReference; lastKnownFileType = sourcecode.swift; path = Photo.swift; sourceTree = "<group>"; };
		0EFFB96E2C38D4D1004472F7 /* NASARover.app */ = {isa = PBXFileReference; explicitFileType = wrapper.application; includeInIndex = 0; path = NASARover.app; sourceTree = BUILT_PRODUCTS_DIR; };
		0EFFB9712C38D4D1004472F7 /* NASARoverApp.swift */ = {isa = PBXFileReference; lastKnownFileType = sourcecode.swift; path = NASARoverApp.swift; sourceTree = "<group>"; };
		0EFFB9732C38D4D1004472F7 /* RoverSelectionView.swift */ = {isa = PBXFileReference; lastKnownFileType = sourcecode.swift; path = RoverSelectionView.swift; sourceTree = "<group>"; };
		0EFFB9752C38D4D2004472F7 /* Assets.xcassets */ = {isa = PBXFileReference; lastKnownFileType = folder.assetcatalog; path = Assets.xcassets; sourceTree = "<group>"; };
		0EFFB9782C38D4D2004472F7 /* Preview Assets.xcassets */ = {isa = PBXFileReference; lastKnownFileType = folder.assetcatalog; path = "Preview Assets.xcassets"; sourceTree = "<group>"; };
		0EFFB97E2C38D4D2004472F7 /* NASARoverTests.xctest */ = {isa = PBXFileReference; explicitFileType = wrapper.cfbundle; includeInIndex = 0; path = NASARoverTests.xctest; sourceTree = BUILT_PRODUCTS_DIR; };
		0EFFB9822C38D4D2004472F7 /* NASARoverTests.swift */ = {isa = PBXFileReference; lastKnownFileType = sourcecode.swift; path = NASARoverTests.swift; sourceTree = "<group>"; };
		0EFFB9882C38D4D2004472F7 /* NASARoverUITests.xctest */ = {isa = PBXFileReference; explicitFileType = wrapper.cfbundle; includeInIndex = 0; path = NASARoverUITests.xctest; sourceTree = BUILT_PRODUCTS_DIR; };
		0EFFB98C2C38D4D2004472F7 /* NASARoverUITests.swift */ = {isa = PBXFileReference; lastKnownFileType = sourcecode.swift; path = NASARoverUITests.swift; sourceTree = "<group>"; };
		0EFFB98E2C38D4D2004472F7 /* NASARoverUITestsLaunchTests.swift */ = {isa = PBXFileReference; lastKnownFileType = sourcecode.swift; path = NASARoverUITestsLaunchTests.swift; sourceTree = "<group>"; };
		480A82F56C2641AD4CEE0A90 /* Pods_NASARover_NASARoverUITests.framework */ = {isa = PBXFileReference; explicitFileType = wrapper.framework; includeInIndex = 0; path = Pods_NASARover_NASARoverUITests.framework; sourceTree = BUILT_PRODUCTS_DIR; };
		5BD883842793FC0EB9C1C385 /* Pods-NASARoverTests.debug.xcconfig */ = {isa = PBXFileReference; includeInIndex = 1; lastKnownFileType = text.xcconfig; name = "Pods-NASARoverTests.debug.xcconfig"; path = "Target Support Files/Pods-NASARoverTests/Pods-NASARoverTests.debug.xcconfig"; sourceTree = "<group>"; };
		6B2339837E4F63F6F54111BB /* Pods_NASARoverTests.framework */ = {isa = PBXFileReference; explicitFileType = wrapper.framework; includeInIndex = 0; path = Pods_NASARoverTests.framework; sourceTree = BUILT_PRODUCTS_DIR; };
		766427ED6A2C0A90BB0A9BCF /* Pods_NASARover.framework */ = {isa = PBXFileReference; explicitFileType = wrapper.framework; includeInIndex = 0; path = Pods_NASARover.framework; sourceTree = BUILT_PRODUCTS_DIR; };
		76E0589F1B697F5AC839A0CB /* Pods-NASARover.debug.xcconfig */ = {isa = PBXFileReference; includeInIndex = 1; lastKnownFileType = text.xcconfig; name = "Pods-NASARover.debug.xcconfig"; path = "Target Support Files/Pods-NASARover/Pods-NASARover.debug.xcconfig"; sourceTree = "<group>"; };
		7FFC81453981D3362D085BDC /* Pods-NASARover-NASARoverUITests.debug.xcconfig */ = {isa = PBXFileReference; includeInIndex = 1; lastKnownFileType = text.xcconfig; name = "Pods-NASARover-NASARoverUITests.debug.xcconfig"; path = "Target Support Files/Pods-NASARover-NASARoverUITests/Pods-NASARover-NASARoverUITests.debug.xcconfig"; sourceTree = "<group>"; };
		8F21399AEDC7E91D5CBB08B0 /* Pods-NASARover.release.xcconfig */ = {isa = PBXFileReference; includeInIndex = 1; lastKnownFileType = text.xcconfig; name = "Pods-NASARover.release.xcconfig"; path = "Target Support Files/Pods-NASARover/Pods-NASARover.release.xcconfig"; sourceTree = "<group>"; };
		9662124092BDD9B8EEE7DA3F /* Pods-NASARover-NASARoverUITests.release.xcconfig */ = {isa = PBXFileReference; includeInIndex = 1; lastKnownFileType = text.xcconfig; name = "Pods-NASARover-NASARoverUITests.release.xcconfig"; path = "Target Support Files/Pods-NASARover-NASARoverUITests/Pods-NASARover-NASARoverUITests.release.xcconfig"; sourceTree = "<group>"; };
		F7CC15C0C260EED5F1744E75 /* Pods-NASARoverTests.release.xcconfig */ = {isa = PBXFileReference; includeInIndex = 1; lastKnownFileType = text.xcconfig; name = "Pods-NASARoverTests.release.xcconfig"; path = "Target Support Files/Pods-NASARoverTests/Pods-NASARoverTests.release.xcconfig"; sourceTree = "<group>"; };
/* End PBXFileReference section */

/* Begin PBXFrameworksBuildPhase section */
		0EFFB96B2C38D4D1004472F7 /* Frameworks */ = {
			isa = PBXFrameworksBuildPhase;
			buildActionMask = 2147483647;
			files = (
				0EFCD31A2C6182EF00116FA7 /* PureSwiftUI in Frameworks */,
				F496B35A3F467C047A3233F2 /* Pods_NASARover.framework in Frameworks */,
			);
			runOnlyForDeploymentPostprocessing = 0;
		};
		0EFFB97B2C38D4D2004472F7 /* Frameworks */ = {
			isa = PBXFrameworksBuildPhase;
			buildActionMask = 2147483647;
			files = (
				61B02CE673393BBE28A19181 /* Pods_NASARoverTests.framework in Frameworks */,
			);
			runOnlyForDeploymentPostprocessing = 0;
		};
		0EFFB9852C38D4D2004472F7 /* Frameworks */ = {
			isa = PBXFrameworksBuildPhase;
			buildActionMask = 2147483647;
			files = (
				7301A9E2868EB389C194C6B5 /* Pods_NASARover_NASARoverUITests.framework in Frameworks */,
			);
			runOnlyForDeploymentPostprocessing = 0;
		};
/* End PBXFrameworksBuildPhase section */

/* Begin PBXGroup section */
		0E0E09822D5DA7C500CB56B8 /* FavoritePhotosView */ = {
			isa = PBXGroup;
			children = (
				0E0E09832D5DA7F300CB56B8 /* FavoritePhotosView.swift */,
				0E0E09852D5DA80800CB56B8 /* FavoritePhotosViewModel.swift */,
			);
			path = FavoritePhotosView;
			sourceTree = "<group>";
		};
		0E0E09872D5EFA8F00CB56B8 /* DetailedView */ = {
			isa = PBXGroup;
			children = (
				0E0E09882D5EFAA400CB56B8 /* DetailedView.swift */,
			);
			path = DetailedView;
			sourceTree = "<group>";
		};
		0E171E132C853DC300CFE370 /* CalendarView */ = {
			isa = PBXGroup;
			children = (
				0E171E112C853DB800CFE370 /* CalendarView.swift */,
				0E171E142C8540F700CFE370 /* CalendarViewModel.swift */,
			);
			path = CalendarView;
			sourceTree = "<group>";
		};
		0E5143502C3B952A00C48DFD /* Extensions */ = {
			isa = PBXGroup;
			children = (
				0E5143612C4788D600C48DFD /* Image.swift */,
				0E5143652C48B54400C48DFD /* UIScreen.swift */,
			);
			path = Extensions;
			sourceTree = "<group>";
		};
		0E5143672C48BDA500C48DFD /* RoverSelectionView */ = {
			isa = PBXGroup;
			children = (
				0EFFB9732C38D4D1004472F7 /* RoverSelectionView.swift */,
				0E5143552C4242EE00C48DFD /* RoverSelectionViewModel.swift */,
				0E51435F2C46286500C48DFD /* Segments.swift */,
			);
			path = RoverSelectionView;
			sourceTree = "<group>";
		};
		0E5143682C48BDE300C48DFD /* RoverView */ = {
			isa = PBXGroup;
			children = (
				0E5143692C48BE2600C48DFD /* RoverView.swift */,
				0E51436B2C48D75000C48DFD /* RoverViewModel.swift */,
			);
			path = RoverView;
			sourceTree = "<group>";
		};
		0E5143732C5307BF00C48DFD /* PhotoGalleryView */ = {
			isa = PBXGroup;
			children = (
				0E5143742C5307EF00C48DFD /* PhotoGalleryView.swift */,
				0E5143762C53082F00C48DFD /* PhotoGalleryViewModel.swift */,
			);
			path = PhotoGalleryView;
			sourceTree = "<group>";
		};
		0E6C81F92C38E01000A758ED /* Models */ = {
			isa = PBXGroup;
			children = (
				0E6C81FF2C38E04800A758ED /* APIError.swift */,
				0E6C82012C38E06800A758ED /* Rovers.swift */,
				0E51434A2C3B85ED00C48DFD /* ManifestResponse.swift */,
				0E51434C2C3B85FD00C48DFD /* PhotoResponse.swift */,
				0E5143592C44DA4B00C48DFD /* Titles.swift */,
				0EFCD31B2C631F3100116FA7 /* Photo.swift */,
			);
			path = Models;
			sourceTree = "<group>";
		};
		0E6C81FA2C38E01600A758ED /* Services */ = {
			isa = PBXGroup;
			children = (
				0E6C81FB2C38E02800A758ED /* APIDataProvider.swift */,
				0E6C81FD2C38E03A00A758ED /* APIEndpointProvider.swift */,
				0E51434E2C3B893700C48DFD /* PhotosProvider.swift */,
				0E5143532C3E6FBF00C48DFD /* UDStorageManager.swift */,
				0E77A90F2D4883EE00C5E189 /* DataCacheManager.swift */,
			);
			path = Services;
			sourceTree = "<group>";
		};
		0EFFB9652C38D4D1004472F7 = {
			isa = PBXGroup;
			children = (
				0EFFB9702C38D4D1004472F7 /* NASARover */,
				0EFFB9812C38D4D2004472F7 /* NASARoverTests */,
				0EFFB98B2C38D4D2004472F7 /* NASARoverUITests */,
				0EFFB96F2C38D4D1004472F7 /* Products */,
				7437417BD43F38DBE726FBCA /* Pods */,
				817E354C3EFC1FEC1B5A3856 /* Frameworks */,
			);
			sourceTree = "<group>";
		};
		0EFFB96F2C38D4D1004472F7 /* Products */ = {
			isa = PBXGroup;
			children = (
				0EFFB96E2C38D4D1004472F7 /* NASARover.app */,
				0EFFB97E2C38D4D2004472F7 /* NASARoverTests.xctest */,
				0EFFB9882C38D4D2004472F7 /* NASARoverUITests.xctest */,
			);
			name = Products;
			sourceTree = "<group>";
		};
		0EFFB9702C38D4D1004472F7 /* NASARover */ = {
			isa = PBXGroup;
			children = (
				0E0E09872D5EFA8F00CB56B8 /* DetailedView */,
				0E0E09822D5DA7C500CB56B8 /* FavoritePhotosView */,
				0E171E132C853DC300CFE370 /* CalendarView */,
				0EFCD3172C535AB400116FA7 /* Info.plist */,
				0EFFB9712C38D4D1004472F7 /* NASARoverApp.swift */,
				0E5143672C48BDA500C48DFD /* RoverSelectionView */,
				0E5143682C48BDE300C48DFD /* RoverView */,
				0E5143732C5307BF00C48DFD /* PhotoGalleryView */,
				0E6C81FA2C38E01600A758ED /* Services */,
				0E6C81F92C38E01000A758ED /* Models */,
				0E5143502C3B952A00C48DFD /* Extensions */,
				0EFFB9752C38D4D2004472F7 /* Assets.xcassets */,
				0EFFB9772C38D4D2004472F7 /* Preview Content */,
				0E6C82032C38E13800A758ED /* Config.plist */,
				0E5143632C48B13000C48DFD /* Localizable.xcstrings */,
			);
			path = NASARover;
			sourceTree = "<group>";
		};
		0EFFB9772C38D4D2004472F7 /* Preview Content */ = {
			isa = PBXGroup;
			children = (
				0EFFB9782C38D4D2004472F7 /* Preview Assets.xcassets */,
			);
			path = "Preview Content";
			sourceTree = "<group>";
		};
		0EFFB9812C38D4D2004472F7 /* NASARoverTests */ = {
			isa = PBXGroup;
			children = (
				0EFFB9822C38D4D2004472F7 /* NASARoverTests.swift */,
			);
			path = NASARoverTests;
			sourceTree = "<group>";
		};
		0EFFB98B2C38D4D2004472F7 /* NASARoverUITests */ = {
			isa = PBXGroup;
			children = (
				0EFFB98C2C38D4D2004472F7 /* NASARoverUITests.swift */,
				0EFFB98E2C38D4D2004472F7 /* NASARoverUITestsLaunchTests.swift */,
			);
			path = NASARoverUITests;
			sourceTree = "<group>";
		};
		7437417BD43F38DBE726FBCA /* Pods */ = {
			isa = PBXGroup;
			children = (
				76E0589F1B697F5AC839A0CB /* Pods-NASARover.debug.xcconfig */,
				8F21399AEDC7E91D5CBB08B0 /* Pods-NASARover.release.xcconfig */,
				7FFC81453981D3362D085BDC /* Pods-NASARover-NASARoverUITests.debug.xcconfig */,
				9662124092BDD9B8EEE7DA3F /* Pods-NASARover-NASARoverUITests.release.xcconfig */,
				5BD883842793FC0EB9C1C385 /* Pods-NASARoverTests.debug.xcconfig */,
				F7CC15C0C260EED5F1744E75 /* Pods-NASARoverTests.release.xcconfig */,
			);
			path = Pods;
			sourceTree = "<group>";
		};
		817E354C3EFC1FEC1B5A3856 /* Frameworks */ = {
			isa = PBXGroup;
			children = (
				766427ED6A2C0A90BB0A9BCF /* Pods_NASARover.framework */,
				480A82F56C2641AD4CEE0A90 /* Pods_NASARover_NASARoverUITests.framework */,
				6B2339837E4F63F6F54111BB /* Pods_NASARoverTests.framework */,
			);
			name = Frameworks;
			sourceTree = "<group>";
		};
/* End PBXGroup section */

/* Begin PBXNativeTarget section */
		0EFFB96D2C38D4D1004472F7 /* NASARover */ = {
			isa = PBXNativeTarget;
			buildConfigurationList = 0EFFB9922C38D4D2004472F7 /* Build configuration list for PBXNativeTarget "NASARover" */;
			buildPhases = (
				7C30214C5C65E07650FA2784 /* [CP] Check Pods Manifest.lock */,
				0EFFB96A2C38D4D1004472F7 /* Sources */,
				0EFFB96B2C38D4D1004472F7 /* Frameworks */,
				0EFFB96C2C38D4D1004472F7 /* Resources */,
				58F5217FC39EE60EBE4B4DA0 /* [CP] Embed Pods Frameworks */,
			);
			buildRules = (
			);
			dependencies = (
			);
			name = NASARover;
			packageProductDependencies = (
				0EFCD3192C6182EF00116FA7 /* PureSwiftUI */,
			);
			productName = NASARover;
			productReference = 0EFFB96E2C38D4D1004472F7 /* NASARover.app */;
			productType = "com.apple.product-type.application";
		};
		0EFFB97D2C38D4D2004472F7 /* NASARoverTests */ = {
			isa = PBXNativeTarget;
			buildConfigurationList = 0EFFB9952C38D4D2004472F7 /* Build configuration list for PBXNativeTarget "NASARoverTests" */;
			buildPhases = (
				BBFC3F60D148AB17AF642A60 /* [CP] Check Pods Manifest.lock */,
				0EFFB97A2C38D4D2004472F7 /* Sources */,
				0EFFB97B2C38D4D2004472F7 /* Frameworks */,
				0EFFB97C2C38D4D2004472F7 /* Resources */,
			);
			buildRules = (
			);
			dependencies = (
				0EFFB9802C38D4D2004472F7 /* PBXTargetDependency */,
			);
			name = NASARoverTests;
			productName = NASARoverTests;
			productReference = 0EFFB97E2C38D4D2004472F7 /* NASARoverTests.xctest */;
			productType = "com.apple.product-type.bundle.unit-test";
		};
		0EFFB9872C38D4D2004472F7 /* NASARoverUITests */ = {
			isa = PBXNativeTarget;
			buildConfigurationList = 0EFFB9982C38D4D2004472F7 /* Build configuration list for PBXNativeTarget "NASARoverUITests" */;
			buildPhases = (
				B3019A80D76B071C112A0827 /* [CP] Check Pods Manifest.lock */,
				0EFFB9842C38D4D2004472F7 /* Sources */,
				0EFFB9852C38D4D2004472F7 /* Frameworks */,
				0EFFB9862C38D4D2004472F7 /* Resources */,
				669D76CABE948B2BBC944B4A /* [CP] Embed Pods Frameworks */,
			);
			buildRules = (
			);
			dependencies = (
				0EFFB98A2C38D4D2004472F7 /* PBXTargetDependency */,
			);
			name = NASARoverUITests;
			productName = NASARoverUITests;
			productReference = 0EFFB9882C38D4D2004472F7 /* NASARoverUITests.xctest */;
			productType = "com.apple.product-type.bundle.ui-testing";
		};
/* End PBXNativeTarget section */

/* Begin PBXProject section */
		0EFFB9662C38D4D1004472F7 /* Project object */ = {
			isa = PBXProject;
			attributes = {
				BuildIndependentTargetsInParallel = 1;
				LastSwiftUpdateCheck = 1540;
				LastUpgradeCheck = 1540;
				TargetAttributes = {
					0EFFB96D2C38D4D1004472F7 = {
						CreatedOnToolsVersion = 15.4;
					};
					0EFFB97D2C38D4D2004472F7 = {
						CreatedOnToolsVersion = 15.4;
						TestTargetID = 0EFFB96D2C38D4D1004472F7;
					};
					0EFFB9872C38D4D2004472F7 = {
						CreatedOnToolsVersion = 15.4;
						TestTargetID = 0EFFB96D2C38D4D1004472F7;
					};
				};
			};
			buildConfigurationList = 0EFFB9692C38D4D1004472F7 /* Build configuration list for PBXProject "NASARover" */;
			compatibilityVersion = "Xcode 14.0";
			developmentRegion = en;
			hasScannedForEncodings = 0;
			knownRegions = (
				en,
				Base,
			);
			mainGroup = 0EFFB9652C38D4D1004472F7;
			packageReferences = (
				0EFCD3182C6182EF00116FA7 /* XCRemoteSwiftPackageReference "pure-swift-ui" */,
			);
			productRefGroup = 0EFFB96F2C38D4D1004472F7 /* Products */;
			projectDirPath = "";
			projectRoot = "";
			targets = (
				0EFFB96D2C38D4D1004472F7 /* NASARover */,
				0EFFB97D2C38D4D2004472F7 /* NASARoverTests */,
				0EFFB9872C38D4D2004472F7 /* NASARoverUITests */,
			);
		};
/* End PBXProject section */

/* Begin PBXResourcesBuildPhase section */
		0EFFB96C2C38D4D1004472F7 /* Resources */ = {
			isa = PBXResourcesBuildPhase;
			buildActionMask = 2147483647;
			files = (
				0EFFB9792C38D4D2004472F7 /* Preview Assets.xcassets in Resources */,
				0E6C82042C38E13800A758ED /* Config.plist in Resources */,
				0E5143642C48B13000C48DFD /* Localizable.xcstrings in Resources */,
				0EFFB9762C38D4D2004472F7 /* Assets.xcassets in Resources */,
			);
			runOnlyForDeploymentPostprocessing = 0;
		};
		0EFFB97C2C38D4D2004472F7 /* Resources */ = {
			isa = PBXResourcesBuildPhase;
			buildActionMask = 2147483647;
			files = (
			);
			runOnlyForDeploymentPostprocessing = 0;
		};
		0EFFB9862C38D4D2004472F7 /* Resources */ = {
			isa = PBXResourcesBuildPhase;
			buildActionMask = 2147483647;
			files = (
			);
			runOnlyForDeploymentPostprocessing = 0;
		};
/* End PBXResourcesBuildPhase section */

/* Begin PBXShellScriptBuildPhase section */
		58F5217FC39EE60EBE4B4DA0 /* [CP] Embed Pods Frameworks */ = {
			isa = PBXShellScriptBuildPhase;
			buildActionMask = 2147483647;
			files = (
			);
			inputFileListPaths = (
				"${PODS_ROOT}/Target Support Files/Pods-NASARover/Pods-NASARover-frameworks-${CONFIGURATION}-input-files.xcfilelist",
			);
			name = "[CP] Embed Pods Frameworks";
			outputFileListPaths = (
				"${PODS_ROOT}/Target Support Files/Pods-NASARover/Pods-NASARover-frameworks-${CONFIGURATION}-output-files.xcfilelist",
			);
			runOnlyForDeploymentPostprocessing = 0;
			shellPath = /bin/sh;
			shellScript = "\"${PODS_ROOT}/Target Support Files/Pods-NASARover/Pods-NASARover-frameworks.sh\"\n";
			showEnvVarsInLog = 0;
		};
		669D76CABE948B2BBC944B4A /* [CP] Embed Pods Frameworks */ = {
			isa = PBXShellScriptBuildPhase;
			buildActionMask = 2147483647;
			files = (
			);
			inputFileListPaths = (
				"${PODS_ROOT}/Target Support Files/Pods-NASARover-NASARoverUITests/Pods-NASARover-NASARoverUITests-frameworks-${CONFIGURATION}-input-files.xcfilelist",
			);
			name = "[CP] Embed Pods Frameworks";
			outputFileListPaths = (
				"${PODS_ROOT}/Target Support Files/Pods-NASARover-NASARoverUITests/Pods-NASARover-NASARoverUITests-frameworks-${CONFIGURATION}-output-files.xcfilelist",
			);
			runOnlyForDeploymentPostprocessing = 0;
			shellPath = /bin/sh;
			shellScript = "\"${PODS_ROOT}/Target Support Files/Pods-NASARover-NASARoverUITests/Pods-NASARover-NASARoverUITests-frameworks.sh\"\n";
			showEnvVarsInLog = 0;
		};
		7C30214C5C65E07650FA2784 /* [CP] Check Pods Manifest.lock */ = {
			isa = PBXShellScriptBuildPhase;
			buildActionMask = 2147483647;
			files = (
			);
			inputFileListPaths = (
			);
			inputPaths = (
				"${PODS_PODFILE_DIR_PATH}/Podfile.lock",
				"${PODS_ROOT}/Manifest.lock",
			);
			name = "[CP] Check Pods Manifest.lock";
			outputFileListPaths = (
			);
			outputPaths = (
				"$(DERIVED_FILE_DIR)/Pods-NASARover-checkManifestLockResult.txt",
			);
			runOnlyForDeploymentPostprocessing = 0;
			shellPath = /bin/sh;
			shellScript = "diff \"${PODS_PODFILE_DIR_PATH}/Podfile.lock\" \"${PODS_ROOT}/Manifest.lock\" > /dev/null\nif [ $? != 0 ] ; then\n    # print error to STDERR\n    echo \"error: The sandbox is not in sync with the Podfile.lock. Run 'pod install' or update your CocoaPods installation.\" >&2\n    exit 1\nfi\n# This output is used by Xcode 'outputs' to avoid re-running this script phase.\necho \"SUCCESS\" > \"${SCRIPT_OUTPUT_FILE_0}\"\n";
			showEnvVarsInLog = 0;
		};
		B3019A80D76B071C112A0827 /* [CP] Check Pods Manifest.lock */ = {
			isa = PBXShellScriptBuildPhase;
			buildActionMask = 2147483647;
			files = (
			);
			inputFileListPaths = (
			);
			inputPaths = (
				"${PODS_PODFILE_DIR_PATH}/Podfile.lock",
				"${PODS_ROOT}/Manifest.lock",
			);
			name = "[CP] Check Pods Manifest.lock";
			outputFileListPaths = (
			);
			outputPaths = (
				"$(DERIVED_FILE_DIR)/Pods-NASARover-NASARoverUITests-checkManifestLockResult.txt",
			);
			runOnlyForDeploymentPostprocessing = 0;
			shellPath = /bin/sh;
			shellScript = "diff \"${PODS_PODFILE_DIR_PATH}/Podfile.lock\" \"${PODS_ROOT}/Manifest.lock\" > /dev/null\nif [ $? != 0 ] ; then\n    # print error to STDERR\n    echo \"error: The sandbox is not in sync with the Podfile.lock. Run 'pod install' or update your CocoaPods installation.\" >&2\n    exit 1\nfi\n# This output is used by Xcode 'outputs' to avoid re-running this script phase.\necho \"SUCCESS\" > \"${SCRIPT_OUTPUT_FILE_0}\"\n";
			showEnvVarsInLog = 0;
		};
		BBFC3F60D148AB17AF642A60 /* [CP] Check Pods Manifest.lock */ = {
			isa = PBXShellScriptBuildPhase;
			buildActionMask = 2147483647;
			files = (
			);
			inputFileListPaths = (
			);
			inputPaths = (
				"${PODS_PODFILE_DIR_PATH}/Podfile.lock",
				"${PODS_ROOT}/Manifest.lock",
			);
			name = "[CP] Check Pods Manifest.lock";
			outputFileListPaths = (
			);
			outputPaths = (
				"$(DERIVED_FILE_DIR)/Pods-NASARoverTests-checkManifestLockResult.txt",
			);
			runOnlyForDeploymentPostprocessing = 0;
			shellPath = /bin/sh;
			shellScript = "diff \"${PODS_PODFILE_DIR_PATH}/Podfile.lock\" \"${PODS_ROOT}/Manifest.lock\" > /dev/null\nif [ $? != 0 ] ; then\n    # print error to STDERR\n    echo \"error: The sandbox is not in sync with the Podfile.lock. Run 'pod install' or update your CocoaPods installation.\" >&2\n    exit 1\nfi\n# This output is used by Xcode 'outputs' to avoid re-running this script phase.\necho \"SUCCESS\" > \"${SCRIPT_OUTPUT_FILE_0}\"\n";
			showEnvVarsInLog = 0;
		};
/* End PBXShellScriptBuildPhase section */

/* Begin PBXSourcesBuildPhase section */
		0EFFB96A2C38D4D1004472F7 /* Sources */ = {
			isa = PBXSourcesBuildPhase;
			buildActionMask = 2147483647;
			files = (
				0E51435A2C44DA4B00C48DFD /* Titles.swift in Sources */,
				0EFFB9742C38D4D1004472F7 /* RoverSelectionView.swift in Sources */,
				0E5143542C3E6FBF00C48DFD /* UDStorageManager.swift in Sources */,
				0E0E09842D5DA7F300CB56B8 /* FavoritePhotosView.swift in Sources */,
				0E51436A2C48BE2600C48DFD /* RoverView.swift in Sources */,
				0EFCD31C2C631F3100116FA7 /* Photo.swift in Sources */,
				0E0E09892D5EFAA400CB56B8 /* DetailedView.swift in Sources */,
				0E0E09862D5DA80800CB56B8 /* FavoritePhotosViewModel.swift in Sources */,
				0EFFB9722C38D4D1004472F7 /* NASARoverApp.swift in Sources */,
				0E51436C2C48D75000C48DFD /* RoverViewModel.swift in Sources */,
				0E77A9102D4883EE00C5E189 /* DataCacheManager.swift in Sources */,
				0E5143662C48B54400C48DFD /* UIScreen.swift in Sources */,
				0E171E122C853DB800CFE370 /* CalendarView.swift in Sources */,
				0E5143602C46286600C48DFD /* Segments.swift in Sources */,
				0E5143562C4242EE00C48DFD /* RoverSelectionViewModel.swift in Sources */,
				0E6C82022C38E06800A758ED /* Rovers.swift in Sources */,
				0E5143622C4788D600C48DFD /* Image.swift in Sources */,
				0E51434B2C3B85ED00C48DFD /* ManifestResponse.swift in Sources */,
				0E5143752C5307EF00C48DFD /* PhotoGalleryView.swift in Sources */,
				0E6C82002C38E04800A758ED /* APIError.swift in Sources */,
				0E6C81FE2C38E03A00A758ED /* APIEndpointProvider.swift in Sources */,
				0E6C81FC2C38E02800A758ED /* APIDataProvider.swift in Sources */,
				0E5143772C53082F00C48DFD /* PhotoGalleryViewModel.swift in Sources */,
				0E51434D2C3B85FD00C48DFD /* PhotoResponse.swift in Sources */,
				0E171E152C8540F800CFE370 /* CalendarViewModel.swift in Sources */,
				0E51434F2C3B893700C48DFD /* PhotosProvider.swift in Sources */,
			);
			runOnlyForDeploymentPostprocessing = 0;
		};
		0EFFB97A2C38D4D2004472F7 /* Sources */ = {
			isa = PBXSourcesBuildPhase;
			buildActionMask = 2147483647;
			files = (
				0EFFB9832C38D4D2004472F7 /* NASARoverTests.swift in Sources */,
			);
			runOnlyForDeploymentPostprocessing = 0;
		};
		0EFFB9842C38D4D2004472F7 /* Sources */ = {
			isa = PBXSourcesBuildPhase;
			buildActionMask = 2147483647;
			files = (
				0EFFB98F2C38D4D2004472F7 /* NASARoverUITestsLaunchTests.swift in Sources */,
				0EFFB98D2C38D4D2004472F7 /* NASARoverUITests.swift in Sources */,
			);
			runOnlyForDeploymentPostprocessing = 0;
		};
/* End PBXSourcesBuildPhase section */

/* Begin PBXTargetDependency section */
		0EFFB9802C38D4D2004472F7 /* PBXTargetDependency */ = {
			isa = PBXTargetDependency;
			target = 0EFFB96D2C38D4D1004472F7 /* NASARover */;
			targetProxy = 0EFFB97F2C38D4D2004472F7 /* PBXContainerItemProxy */;
		};
		0EFFB98A2C38D4D2004472F7 /* PBXTargetDependency */ = {
			isa = PBXTargetDependency;
			target = 0EFFB96D2C38D4D1004472F7 /* NASARover */;
			targetProxy = 0EFFB9892C38D4D2004472F7 /* PBXContainerItemProxy */;
		};
/* End PBXTargetDependency section */

/* Begin XCBuildConfiguration section */
		0EFFB9902C38D4D2004472F7 /* Debug */ = {
			isa = XCBuildConfiguration;
			buildSettings = {
				ALWAYS_SEARCH_USER_PATHS = NO;
				ASSETCATALOG_COMPILER_GENERATE_SWIFT_ASSET_SYMBOL_EXTENSIONS = YES;
				CLANG_ANALYZER_NONNULL = YES;
				CLANG_ANALYZER_NUMBER_OBJECT_CONVERSION = YES_AGGRESSIVE;
				CLANG_CXX_LANGUAGE_STANDARD = "gnu++20";
				CLANG_ENABLE_MODULES = YES;
				CLANG_ENABLE_OBJC_ARC = YES;
				CLANG_ENABLE_OBJC_WEAK = YES;
				CLANG_WARN_BLOCK_CAPTURE_AUTORELEASING = YES;
				CLANG_WARN_BOOL_CONVERSION = YES;
				CLANG_WARN_COMMA = YES;
				CLANG_WARN_CONSTANT_CONVERSION = YES;
				CLANG_WARN_DEPRECATED_OBJC_IMPLEMENTATIONS = YES;
				CLANG_WARN_DIRECT_OBJC_ISA_USAGE = YES_ERROR;
				CLANG_WARN_DOCUMENTATION_COMMENTS = YES;
				CLANG_WARN_EMPTY_BODY = YES;
				CLANG_WARN_ENUM_CONVERSION = YES;
				CLANG_WARN_INFINITE_RECURSION = YES;
				CLANG_WARN_INT_CONVERSION = YES;
				CLANG_WARN_NON_LITERAL_NULL_CONVERSION = YES;
				CLANG_WARN_OBJC_IMPLICIT_RETAIN_SELF = YES;
				CLANG_WARN_OBJC_LITERAL_CONVERSION = YES;
				CLANG_WARN_OBJC_ROOT_CLASS = YES_ERROR;
				CLANG_WARN_QUOTED_INCLUDE_IN_FRAMEWORK_HEADER = YES;
				CLANG_WARN_RANGE_LOOP_ANALYSIS = YES;
				CLANG_WARN_STRICT_PROTOTYPES = YES;
				CLANG_WARN_SUSPICIOUS_MOVE = YES;
				CLANG_WARN_UNGUARDED_AVAILABILITY = YES_AGGRESSIVE;
				CLANG_WARN_UNREACHABLE_CODE = YES;
				CLANG_WARN__DUPLICATE_METHOD_MATCH = YES;
				COPY_PHASE_STRIP = NO;
				DEBUG_INFORMATION_FORMAT = dwarf;
				ENABLE_STRICT_OBJC_MSGSEND = YES;
				ENABLE_TESTABILITY = YES;
				ENABLE_USER_SCRIPT_SANDBOXING = NO;
				GCC_C_LANGUAGE_STANDARD = gnu17;
				GCC_DYNAMIC_NO_PIC = NO;
				GCC_NO_COMMON_BLOCKS = YES;
				GCC_OPTIMIZATION_LEVEL = 0;
				GCC_PREPROCESSOR_DEFINITIONS = (
					"DEBUG=1",
					"$(inherited)",
				);
				GCC_WARN_64_TO_32_BIT_CONVERSION = YES;
				GCC_WARN_ABOUT_RETURN_TYPE = YES_ERROR;
				GCC_WARN_UNDECLARED_SELECTOR = YES;
				GCC_WARN_UNINITIALIZED_AUTOS = YES_AGGRESSIVE;
				GCC_WARN_UNUSED_FUNCTION = YES;
				GCC_WARN_UNUSED_VARIABLE = YES;
				IPHONEOS_DEPLOYMENT_TARGET = 17.5;
				LOCALIZATION_PREFERS_STRING_CATALOGS = YES;
				MTL_ENABLE_DEBUG_INFO = INCLUDE_SOURCE;
				MTL_FAST_MATH = YES;
				ONLY_ACTIVE_ARCH = YES;
				SDKROOT = iphoneos;
				SWIFT_ACTIVE_COMPILATION_CONDITIONS = "DEBUG $(inherited)";
				SWIFT_OPTIMIZATION_LEVEL = "-Onone";
			};
			name = Debug;
		};
		0EFFB9912C38D4D2004472F7 /* Release */ = {
			isa = XCBuildConfiguration;
			buildSettings = {
				ALWAYS_SEARCH_USER_PATHS = NO;
				ASSETCATALOG_COMPILER_GENERATE_SWIFT_ASSET_SYMBOL_EXTENSIONS = YES;
				CLANG_ANALYZER_NONNULL = YES;
				CLANG_ANALYZER_NUMBER_OBJECT_CONVERSION = YES_AGGRESSIVE;
				CLANG_CXX_LANGUAGE_STANDARD = "gnu++20";
				CLANG_ENABLE_MODULES = YES;
				CLANG_ENABLE_OBJC_ARC = YES;
				CLANG_ENABLE_OBJC_WEAK = YES;
				CLANG_WARN_BLOCK_CAPTURE_AUTORELEASING = YES;
				CLANG_WARN_BOOL_CONVERSION = YES;
				CLANG_WARN_COMMA = YES;
				CLANG_WARN_CONSTANT_CONVERSION = YES;
				CLANG_WARN_DEPRECATED_OBJC_IMPLEMENTATIONS = YES;
				CLANG_WARN_DIRECT_OBJC_ISA_USAGE = YES_ERROR;
				CLANG_WARN_DOCUMENTATION_COMMENTS = YES;
				CLANG_WARN_EMPTY_BODY = YES;
				CLANG_WARN_ENUM_CONVERSION = YES;
				CLANG_WARN_INFINITE_RECURSION = YES;
				CLANG_WARN_INT_CONVERSION = YES;
				CLANG_WARN_NON_LITERAL_NULL_CONVERSION = YES;
				CLANG_WARN_OBJC_IMPLICIT_RETAIN_SELF = YES;
				CLANG_WARN_OBJC_LITERAL_CONVERSION = YES;
				CLANG_WARN_OBJC_ROOT_CLASS = YES_ERROR;
				CLANG_WARN_QUOTED_INCLUDE_IN_FRAMEWORK_HEADER = YES;
				CLANG_WARN_RANGE_LOOP_ANALYSIS = YES;
				CLANG_WARN_STRICT_PROTOTYPES = YES;
				CLANG_WARN_SUSPICIOUS_MOVE = YES;
				CLANG_WARN_UNGUARDED_AVAILABILITY = YES_AGGRESSIVE;
				CLANG_WARN_UNREACHABLE_CODE = YES;
				CLANG_WARN__DUPLICATE_METHOD_MATCH = YES;
				COPY_PHASE_STRIP = NO;
				DEBUG_INFORMATION_FORMAT = "dwarf-with-dsym";
				ENABLE_NS_ASSERTIONS = NO;
				ENABLE_STRICT_OBJC_MSGSEND = YES;
				ENABLE_USER_SCRIPT_SANDBOXING = NO;
				GCC_C_LANGUAGE_STANDARD = gnu17;
				GCC_NO_COMMON_BLOCKS = YES;
				GCC_WARN_64_TO_32_BIT_CONVERSION = YES;
				GCC_WARN_ABOUT_RETURN_TYPE = YES_ERROR;
				GCC_WARN_UNDECLARED_SELECTOR = YES;
				GCC_WARN_UNINITIALIZED_AUTOS = YES_AGGRESSIVE;
				GCC_WARN_UNUSED_FUNCTION = YES;
				GCC_WARN_UNUSED_VARIABLE = YES;
				IPHONEOS_DEPLOYMENT_TARGET = 17.5;
				LOCALIZATION_PREFERS_STRING_CATALOGS = YES;
				MTL_ENABLE_DEBUG_INFO = NO;
				MTL_FAST_MATH = YES;
				SDKROOT = iphoneos;
				SWIFT_COMPILATION_MODE = wholemodule;
				VALIDATE_PRODUCT = YES;
			};
			name = Release;
		};
		0EFFB9932C38D4D2004472F7 /* Debug */ = {
			isa = XCBuildConfiguration;
			baseConfigurationReference = 76E0589F1B697F5AC839A0CB /* Pods-NASARover.debug.xcconfig */;
			buildSettings = {
				ASSETCATALOG_COMPILER_APPICON_NAME = AppIcon;
				ASSETCATALOG_COMPILER_GLOBAL_ACCENT_COLOR_NAME = AccentColor;
				CODE_SIGN_STYLE = Automatic;
				CURRENT_PROJECT_VERSION = 1;
				DEVELOPMENT_ASSET_PATHS = "\"NASARover/Preview Content\"";
				DEVELOPMENT_TEAM = 46T5R84CPV;
				ENABLE_PREVIEWS = YES;
				ENABLE_USER_SCRIPT_SANDBOXING = NO;
				GENERATE_INFOPLIST_FILE = YES;
				INFOPLIST_FILE = NASARover/Info.plist;
				INFOPLIST_KEY_UIApplicationSceneManifest_Generation = YES;
				INFOPLIST_KEY_UIApplicationSupportsIndirectInputEvents = YES;
				INFOPLIST_KEY_UILaunchScreen_Generation = YES;
				INFOPLIST_KEY_UISupportedInterfaceOrientations_iPad = "UIInterfaceOrientationPortrait UIInterfaceOrientationPortraitUpsideDown UIInterfaceOrientationLandscapeLeft UIInterfaceOrientationLandscapeRight";
				INFOPLIST_KEY_UISupportedInterfaceOrientations_iPhone = "UIInterfaceOrientationPortrait UIInterfaceOrientationLandscapeLeft UIInterfaceOrientationLandscapeRight";
				LD_RUNPATH_SEARCH_PATHS = (
					"$(inherited)",
					"@executable_path/Frameworks",
				);
				MARKETING_VERSION = 1.0;
				PRODUCT_BUNDLE_IDENTIFIER = ArseniiKornienko.NASARover;
				PRODUCT_NAME = "$(TARGET_NAME)";
				SWIFT_EMIT_LOC_STRINGS = YES;
				SWIFT_VERSION = 5.0;
				TARGETED_DEVICE_FAMILY = "1,2";
			};
			name = Debug;
		};
		0EFFB9942C38D4D2004472F7 /* Release */ = {
			isa = XCBuildConfiguration;
			baseConfigurationReference = 8F21399AEDC7E91D5CBB08B0 /* Pods-NASARover.release.xcconfig */;
			buildSettings = {
				ASSETCATALOG_COMPILER_APPICON_NAME = AppIcon;
				ASSETCATALOG_COMPILER_GLOBAL_ACCENT_COLOR_NAME = AccentColor;
				CODE_SIGN_STYLE = Automatic;
				CURRENT_PROJECT_VERSION = 1;
				DEVELOPMENT_ASSET_PATHS = "\"NASARover/Preview Content\"";
				DEVELOPMENT_TEAM = 46T5R84CPV;
				ENABLE_PREVIEWS = YES;
				ENABLE_USER_SCRIPT_SANDBOXING = NO;
				GENERATE_INFOPLIST_FILE = YES;
				INFOPLIST_FILE = NASARover/Info.plist;
				INFOPLIST_KEY_UIApplicationSceneManifest_Generation = YES;
				INFOPLIST_KEY_UIApplicationSupportsIndirectInputEvents = YES;
				INFOPLIST_KEY_UILaunchScreen_Generation = YES;
				INFOPLIST_KEY_UISupportedInterfaceOrientations_iPad = "UIInterfaceOrientationPortrait UIInterfaceOrientationPortraitUpsideDown UIInterfaceOrientationLandscapeLeft UIInterfaceOrientationLandscapeRight";
				INFOPLIST_KEY_UISupportedInterfaceOrientations_iPhone = "UIInterfaceOrientationPortrait UIInterfaceOrientationLandscapeLeft UIInterfaceOrientationLandscapeRight";
				LD_RUNPATH_SEARCH_PATHS = (
					"$(inherited)",
					"@executable_path/Frameworks",
				);
				MARKETING_VERSION = 1.0;
				PRODUCT_BUNDLE_IDENTIFIER = ArseniiKornienko.NASARover;
				PRODUCT_NAME = "$(TARGET_NAME)";
				SWIFT_EMIT_LOC_STRINGS = YES;
				SWIFT_VERSION = 5.0;
				TARGETED_DEVICE_FAMILY = "1,2";
			};
			name = Release;
		};
		0EFFB9962C38D4D2004472F7 /* Debug */ = {
			isa = XCBuildConfiguration;
			baseConfigurationReference = 5BD883842793FC0EB9C1C385 /* Pods-NASARoverTests.debug.xcconfig */;
			buildSettings = {
				ALWAYS_EMBED_SWIFT_STANDARD_LIBRARIES = YES;
				BUNDLE_LOADER = "$(TEST_HOST)";
				CODE_SIGN_STYLE = Automatic;
				CURRENT_PROJECT_VERSION = 1;
				GENERATE_INFOPLIST_FILE = YES;
				IPHONEOS_DEPLOYMENT_TARGET = 17.5;
				MARKETING_VERSION = 1.0;
				PRODUCT_BUNDLE_IDENTIFIER = ArseniiKornienko.NASARoverTests;
				PRODUCT_NAME = "$(TARGET_NAME)";
				SWIFT_EMIT_LOC_STRINGS = NO;
				SWIFT_VERSION = 5.0;
				TARGETED_DEVICE_FAMILY = "1,2";
				TEST_HOST = "$(BUILT_PRODUCTS_DIR)/NASARover.app/$(BUNDLE_EXECUTABLE_FOLDER_PATH)/NASARover";
			};
			name = Debug;
		};
		0EFFB9972C38D4D2004472F7 /* Release */ = {
			isa = XCBuildConfiguration;
			baseConfigurationReference = F7CC15C0C260EED5F1744E75 /* Pods-NASARoverTests.release.xcconfig */;
			buildSettings = {
				ALWAYS_EMBED_SWIFT_STANDARD_LIBRARIES = YES;
				BUNDLE_LOADER = "$(TEST_HOST)";
				CODE_SIGN_STYLE = Automatic;
				CURRENT_PROJECT_VERSION = 1;
				GENERATE_INFOPLIST_FILE = YES;
				IPHONEOS_DEPLOYMENT_TARGET = 17.5;
				MARKETING_VERSION = 1.0;
				PRODUCT_BUNDLE_IDENTIFIER = ArseniiKornienko.NASARoverTests;
				PRODUCT_NAME = "$(TARGET_NAME)";
				SWIFT_EMIT_LOC_STRINGS = NO;
				SWIFT_VERSION = 5.0;
				TARGETED_DEVICE_FAMILY = "1,2";
				TEST_HOST = "$(BUILT_PRODUCTS_DIR)/NASARover.app/$(BUNDLE_EXECUTABLE_FOLDER_PATH)/NASARover";
			};
			name = Release;
		};
		0EFFB9992C38D4D2004472F7 /* Debug */ = {
			isa = XCBuildConfiguration;
			baseConfigurationReference = 7FFC81453981D3362D085BDC /* Pods-NASARover-NASARoverUITests.debug.xcconfig */;
			buildSettings = {
				ALWAYS_EMBED_SWIFT_STANDARD_LIBRARIES = YES;
				CODE_SIGN_STYLE = Automatic;
				CURRENT_PROJECT_VERSION = 1;
				GENERATE_INFOPLIST_FILE = YES;
				MARKETING_VERSION = 1.0;
				PRODUCT_BUNDLE_IDENTIFIER = ArseniiKornienko.NASARoverUITests;
				PRODUCT_NAME = "$(TARGET_NAME)";
				SWIFT_EMIT_LOC_STRINGS = NO;
				SWIFT_VERSION = 5.0;
				TARGETED_DEVICE_FAMILY = "1,2";
				TEST_TARGET_NAME = NASARover;
			};
			name = Debug;
		};
		0EFFB99A2C38D4D2004472F7 /* Release */ = {
			isa = XCBuildConfiguration;
			baseConfigurationReference = 9662124092BDD9B8EEE7DA3F /* Pods-NASARover-NASARoverUITests.release.xcconfig */;
			buildSettings = {
				ALWAYS_EMBED_SWIFT_STANDARD_LIBRARIES = YES;
				CODE_SIGN_STYLE = Automatic;
				CURRENT_PROJECT_VERSION = 1;
				GENERATE_INFOPLIST_FILE = YES;
				MARKETING_VERSION = 1.0;
				PRODUCT_BUNDLE_IDENTIFIER = ArseniiKornienko.NASARoverUITests;
				PRODUCT_NAME = "$(TARGET_NAME)";
				SWIFT_EMIT_LOC_STRINGS = NO;
				SWIFT_VERSION = 5.0;
				TARGETED_DEVICE_FAMILY = "1,2";
				TEST_TARGET_NAME = NASARover;
			};
			name = Release;
		};
/* End XCBuildConfiguration section */

/* Begin XCConfigurationList section */
		0EFFB9692C38D4D1004472F7 /* Build configuration list for PBXProject "NASARover" */ = {
			isa = XCConfigurationList;
			buildConfigurations = (
				0EFFB9902C38D4D2004472F7 /* Debug */,
				0EFFB9912C38D4D2004472F7 /* Release */,
			);
			defaultConfigurationIsVisible = 0;
			defaultConfigurationName = Release;
		};
		0EFFB9922C38D4D2004472F7 /* Build configuration list for PBXNativeTarget "NASARover" */ = {
			isa = XCConfigurationList;
			buildConfigurations = (
				0EFFB9932C38D4D2004472F7 /* Debug */,
				0EFFB9942C38D4D2004472F7 /* Release */,
			);
			defaultConfigurationIsVisible = 0;
			defaultConfigurationName = Release;
		};
		0EFFB9952C38D4D2004472F7 /* Build configuration list for PBXNativeTarget "NASARoverTests" */ = {
			isa = XCConfigurationList;
			buildConfigurations = (
				0EFFB9962C38D4D2004472F7 /* Debug */,
				0EFFB9972C38D4D2004472F7 /* Release */,
			);
			defaultConfigurationIsVisible = 0;
			defaultConfigurationName = Release;
		};
		0EFFB9982C38D4D2004472F7 /* Build configuration list for PBXNativeTarget "NASARoverUITests" */ = {
			isa = XCConfigurationList;
			buildConfigurations = (
				0EFFB9992C38D4D2004472F7 /* Debug */,
				0EFFB99A2C38D4D2004472F7 /* Release */,
			);
			defaultConfigurationIsVisible = 0;
			defaultConfigurationName = Release;
		};
/* End XCConfigurationList section */

/* Begin XCRemoteSwiftPackageReference section */
		0EFCD3182C6182EF00116FA7 /* XCRemoteSwiftPackageReference "pure-swift-ui" */ = {
			isa = XCRemoteSwiftPackageReference;
			repositoryURL = "https://github.com/CodeSlicing/pure-swift-ui";
			requirement = {
				kind = upToNextMajorVersion;
				minimumVersion = 5.1.0;
			};
		};
/* End XCRemoteSwiftPackageReference section */

/* Begin XCSwiftPackageProductDependency section */
		0EFCD3192C6182EF00116FA7 /* PureSwiftUI */ = {
			isa = XCSwiftPackageProductDependency;
			package = 0EFCD3182C6182EF00116FA7 /* XCRemoteSwiftPackageReference "pure-swift-ui" */;
			productName = PureSwiftUI;
		};
/* End XCSwiftPackageProductDependency section */
	};
	rootObject = 0EFFB9662C38D4D1004472F7 /* Project object */;
}
